// !$*UTF8*$!
{
	archiveVersion = 1;
	classes = {
	};
	objectVersion = 56;
	objects = {

/* Begin PBXBuildFile section */
		541C34032B0B5ADD004BA757 /* AppDelegate.swift in Sources */ = {isa = PBXBuildFile; fileRef = 541C34022B0B5ADD004BA757 /* AppDelegate.swift */; };
		541C34052B0B5ADD004BA757 /* SceneDelegate.swift in Sources */ = {isa = PBXBuildFile; fileRef = 541C34042B0B5ADD004BA757 /* SceneDelegate.swift */; };
		541C34072B0B5ADD004BA757 /* ViewController.swift in Sources */ = {isa = PBXBuildFile; fileRef = 541C34062B0B5ADD004BA757 /* ViewController.swift */; };
		541C340A2B0B5ADD004BA757 /* Main.storyboard in Resources */ = {isa = PBXBuildFile; fileRef = 541C34082B0B5ADD004BA757 /* Main.storyboard */; };
		541C340D2B0B5ADD004BA757 /* MVVMdesign.xcdatamodeld in Sources */ = {isa = PBXBuildFile; fileRef = 541C340B2B0B5ADD004BA757 /* MVVMdesign.xcdatamodeld */; };
		541C340F2B0B5AE0004BA757 /* Assets.xcassets in Resources */ = {isa = PBXBuildFile; fileRef = 541C340E2B0B5AE0004BA757 /* Assets.xcassets */; };
		541C34122B0B5AE0004BA757 /* LaunchScreen.storyboard in Resources */ = {isa = PBXBuildFile; fileRef = 541C34102B0B5AE0004BA757 /* LaunchScreen.storyboard */; };
		541C341C2B0B5B14004BA757 /* ViewModel.swift in Sources */ = {isa = PBXBuildFile; fileRef = 541C341B2B0B5B14004BA757 /* ViewModel.swift */; };
		541C341E2B0B5B50004BA757 /* Models.swift in Sources */ = {isa = PBXBuildFile; fileRef = 541C341D2B0B5B50004BA757 /* Models.swift */; };
		541C34202B0B69B6004BA757 /* Constant.swift in Sources */ = {isa = PBXBuildFile; fileRef = 541C341F2B0B69B6004BA757 /* Constant.swift */; };
		541C34222B0B6D3B004BA757 /* TableViewCell.swift in Sources */ = {isa = PBXBuildFile; fileRef = 541C34212B0B6D3B004BA757 /* TableViewCell.swift */; };
/* End PBXBuildFile section */

/* Begin PBXFileReference section */
		541C33FF2B0B5ADD004BA757 /* MVVMdesign.app */ = {isa = PBXFileReference; explicitFileType = wrapper.application; includeInIndex = 0; path = MVVMdesign.app; sourceTree = BUILT_PRODUCTS_DIR; };
		541C34022B0B5ADD004BA757 /* AppDelegate.swift */ = {isa = PBXFileReference; lastKnownFileType = sourcecode.swift; path = AppDelegate.swift; sourceTree = "<group>"; };
		541C34042B0B5ADD004BA757 /* SceneDelegate.swift */ = {isa = PBXFileReference; lastKnownFileType = sourcecode.swift; path = SceneDelegate.swift; sourceTree = "<group>"; };
		541C34062B0B5ADD004BA757 /* ViewController.swift */ = {isa = PBXFileReference; lastKnownFileType = sourcecode.swift; path = ViewController.swift; sourceTree = "<group>"; };
		541C34092B0B5ADD004BA757 /* Base */ = {isa = PBXFileReference; lastKnownFileType = file.storyboard; name = Base; path = Base.lproj/Main.storyboard; sourceTree = "<group>"; };
		541C340C2B0B5ADD004BA757 /* MVVMdesign.xcdatamodel */ = {isa = PBXFileReference; lastKnownFileType = wrapper.xcdatamodel; path = MVVMdesign.xcdatamodel; sourceTree = "<group>"; };
		541C340E2B0B5AE0004BA757 /* Assets.xcassets */ = {isa = PBXFileReference; lastKnownFileType = folder.assetcatalog; path = Assets.xcassets; sourceTree = "<group>"; };
		541C34112B0B5AE0004BA757 /* Base */ = {isa = PBXFileReference; lastKnownFileType = file.storyboard; name = Base; path = Base.lproj/LaunchScreen.storyboard; sourceTree = "<group>"; };
		541C34132B0B5AE0004BA757 /* Info.plist */ = {isa = PBXFileReference; lastKnownFileType = text.plist.xml; path = Info.plist; sourceTree = "<group>"; };
		541C341B2B0B5B14004BA757 /* ViewModel.swift */ = {isa = PBXFileReference; lastKnownFileType = sourcecode.swift; path = ViewModel.swift; sourceTree = "<group>"; };
		541C341D2B0B5B50004BA757 /* Models.swift */ = {isa = PBXFileReference; lastKnownFileType = sourcecode.swift; path = Models.swift; sourceTree = "<group>"; };
		541C341F2B0B69B6004BA757 /* Constant.swift */ = {isa = PBXFileReference; lastKnownFileType = sourcecode.swift; path = Constant.swift; sourceTree = "<group>"; };
		541C34212B0B6D3B004BA757 /* TableViewCell.swift */ = {isa = PBXFileReference; lastKnownFileType = sourcecode.swift; path = TableViewCell.swift; sourceTree = "<group>"; };
/* End PBXFileReference section */

/* Begin PBXFrameworksBuildPhase section */
		541C33FC2B0B5ADD004BA757 /* Frameworks */ = {
			isa = PBXFrameworksBuildPhase;
			buildActionMask = 2147483647;
			files = (
			);
			runOnlyForDeploymentPostprocessing = 0;
		};
/* End PBXFrameworksBuildPhase section */

/* Begin PBXGroup section */
		541C33F62B0B5ADD004BA757 = {
			isa = PBXGroup;
			children = (
				541C34012B0B5ADD004BA757 /* MVVMdesign */,
				541C34002B0B5ADD004BA757 /* Products */,
			);
			sourceTree = "<group>";
		};
		541C34002B0B5ADD004BA757 /* Products */ = {
			isa = PBXGroup;
			children = (
				541C33FF2B0B5ADD004BA757 /* MVVMdesign.app */,
			);
			name = Products;
			sourceTree = "<group>";
		};
		541C34012B0B5ADD004BA757 /* MVVMdesign */ = {
			isa = PBXGroup;
			children = (
				541C34022B0B5ADD004BA757 /* AppDelegate.swift */,
				541C34042B0B5ADD004BA757 /* SceneDelegate.swift */,
				541C341D2B0B5B50004BA757 /* Models.swift */,
				541C34062B0B5ADD004BA757 /* ViewController.swift */,
				541C34212B0B6D3B004BA757 /* TableViewCell.swift */,
				541C341B2B0B5B14004BA757 /* ViewModel.swift */,
				541C341F2B0B69B6004BA757 /* Constant.swift */,
				541C34082B0B5ADD004BA757 /* Main.storyboard */,
				541C340E2B0B5AE0004BA757 /* Assets.xcassets */,
				541C34102B0B5AE0004BA757 /* LaunchScreen.storyboard */,
				541C34132B0B5AE0004BA757 /* Info.plist */,
				541C340B2B0B5ADD004BA757 /* MVVMdesign.xcdatamodeld */,
			);
			path = MVVMdesign;
			sourceTree = "<group>";
		};
/* End PBXGroup section */

/* Begin PBXNativeTarget section */
		541C33FE2B0B5ADD004BA757 /* MVVMdesign */ = {
			isa = PBXNativeTarget;
			buildConfigurationList = 541C34162B0B5AE0004BA757 /* Build configuration list for PBXNativeTarget "MVVMdesign" */;
			buildPhases = (
				541C33FB2B0B5ADD004BA757 /* Sources */,
				541C33FC2B0B5ADD004BA757 /* Frameworks */,
				541C33FD2B0B5ADD004BA757 /* Resources */,
			);
			buildRules = (
			);
			dependencies = (
			);
			name = MVVMdesign;
			productName = MVVMdesign;
			productReference = 541C33FF2B0B5ADD004BA757 /* MVVMdesign.app */;
			productType = "com.apple.product-type.application";
		};
/* End PBXNativeTarget section */

/* Begin PBXProject section */
		541C33F72B0B5ADD004BA757 /* Project object */ = {
			isa = PBXProject;
			attributes = {
				BuildIndependentTargetsInParallel = 1;
				LastSwiftUpdateCheck = 1500;
				LastUpgradeCheck = 1500;
				TargetAttributes = {
					541C33FE2B0B5ADD004BA757 = {
						CreatedOnToolsVersion = 15.0;
					};
				};
			};
			buildConfigurationList = 541C33FA2B0B5ADD004BA757 /* Build configuration list for PBXProject "MVVMdesign" */;
			compatibilityVersion = "Xcode 14.0";
			developmentRegion = en;
			hasScannedForEncodings = 0;
			knownRegions = (
				en,
				Base,
			);
			mainGroup = 541C33F62B0B5ADD004BA757;
			productRefGroup = 541C34002B0B5ADD004BA757 /* Products */;
			projectDirPath = "";
			projectRoot = "";
			targets = (
				541C33FE2B0B5ADD004BA757 /* MVVMdesign */,
			);
		};
/* End PBXProject section */

/* Begin PBXResourcesBuildPhase section */
		541C33FD2B0B5ADD004BA757 /* Resources */ = {
			isa = PBXResourcesBuildPhase;
			buildActionMask = 2147483647;
			files = (
				541C34122B0B5AE0004BA757 /* LaunchScreen.storyboard in Resources */,
				541C340F2B0B5AE0004BA757 /* Assets.xcassets in Resources */,
				541C340A2B0B5ADD004BA757 /* Main.storyboard in Resources */,
			);
			runOnlyForDeploymentPostprocessing = 0;
		};
/* End PBXResourcesBuildPhase section */

/* Begin PBXSourcesBuildPhase section */
		541C33FB2B0B5ADD004BA757 /* Sources */ = {
			isa = PBXSourcesBuildPhase;
			buildActionMask = 2147483647;
			files = (
				541C34202B0B69B6004BA757 /* Constant.swift in Sources */,
				541C34222B0B6D3B004BA757 /* TableViewCell.swift in Sources */,
				541C34072B0B5ADD004BA757 /* ViewController.swift in Sources */,
				541C34032B0B5ADD004BA757 /* AppDelegate.swift in Sources */,
				541C34052B0B5ADD004BA757 /* SceneDelegate.swift in Sources */,
				541C341E2B0B5B50004BA757 /* Models.swift in Sources */,
				541C341C2B0B5B14004BA757 /* ViewModel.swift in Sources */,
				541C340D2B0B5ADD004BA757 /* MVVMdesign.xcdatamodeld in Sources */,
			);
			runOnlyForDeploymentPostprocessing = 0;
		};
/* End PBXSourcesBuildPhase section */

/* Begin PBXVariantGroup section */
		541C34082B0B5ADD004BA757 /* Main.storyboard */ = {
			isa = PBXVariantGroup;
			children = (
				541C34092B0B5ADD004BA757 /* Base */,
			);
			name = Main.storyboard;
			sourceTree = "<group>";
		};
		541C34102B0B5AE0004BA757 /* LaunchScreen.storyboard */ = {
			isa = PBXVariantGroup;
			children = (
				541C34112B0B5AE0004BA757 /* Base */,
			);
			name = LaunchScreen.storyboard;
			sourceTree = "<group>";
		};
/* End PBXVariantGroup section */

/* Begin XCBuildConfiguration section */
		541C34142B0B5AE0004BA757 /* Debug */ = {
			isa = XCBuildConfiguration;
			buildSettings = {
				ALWAYS_SEARCH_USER_PATHS = NO;
				ASSETCATALOG_COMPILER_GENERATE_SWIFT_ASSET_SYMBOL_EXTENSIONS = YES;
				CLANG_ANALYZER_NONNULL = YES;
				CLANG_ANALYZER_NUMBER_OBJECT_CONVERSION = YES_AGGRESSIVE;
				CLANG_CXX_LANGUAGE_STANDARD = "gnu++20";
				CLANG_ENABLE_MODULES = YES;
				CLANG_ENABLE_OBJC_ARC = YES;
				CLANG_ENABLE_OBJC_WEAK = YES;
				CLANG_WARN_BLOCK_CAPTURE_AUTORELEASING = YES;
				CLANG_WARN_BOOL_CONVERSION = YES;
				CLANG_WARN_COMMA = YES;
				CLANG_WARN_CONSTANT_CONVERSION = YES;
				CLANG_WARN_DEPRECATED_OBJC_IMPLEMENTATIONS = YES;
				CLANG_WARN_DIRECT_OBJC_ISA_USAGE = YES_ERROR;
				CLANG_WARN_DOCUMENTATION_COMMENTS = YES;
				CLANG_WARN_EMPTY_BODY = YES;
				CLANG_WARN_ENUM_CONVERSION = YES;
				CLANG_WARN_INFINITE_RECURSION = YES;
				CLANG_WARN_INT_CONVERSION = YES;
				CLANG_WARN_NON_LITERAL_NULL_CONVERSION = YES;
				CLANG_WARN_OBJC_IMPLICIT_RETAIN_SELF = YES;
				CLANG_WARN_OBJC_LITERAL_CONVERSION = YES;
				CLANG_WARN_OBJC_ROOT_CLASS = YES_ERROR;
				CLANG_WARN_QUOTED_INCLUDE_IN_FRAMEWORK_HEADER = YES;
				CLANG_WARN_RANGE_LOOP_ANALYSIS = YES;
				CLANG_WARN_STRICT_PROTOTYPES = YES;
				CLANG_WARN_SUSPICIOUS_MOVE = YES;
				CLANG_WARN_UNGUARDED_AVAILABILITY = YES_AGGRESSIVE;
				CLANG_WARN_UNREACHABLE_CODE = YES;
				CLANG_WARN__DUPLICATE_METHOD_MATCH = YES;
				COPY_PHASE_STRIP = NO;
				DEBUG_INFORMATION_FORMAT = dwarf;
				ENABLE_STRICT_OBJC_MSGSEND = YES;
				ENABLE_TESTABILITY = YES;
				ENABLE_USER_SCRIPT_SANDBOXING = YES;
				GCC_C_LANGUAGE_STANDARD = gnu17;
				GCC_DYNAMIC_NO_PIC = NO;
				GCC_NO_COMMON_BLOCKS = YES;
				GCC_OPTIMIZATION_LEVEL = 0;
				GCC_PREPROCESSOR_DEFINITIONS = (
					"DEBUG=1",
					"$(inherited)",
				);
				GCC_WARN_64_TO_32_BIT_CONVERSION = YES;
				GCC_WARN_ABOUT_RETURN_TYPE = YES_ERROR;
				GCC_WARN_UNDECLARED_SELECTOR = YES;
				GCC_WARN_UNINITIALIZED_AUTOS = YES_AGGRESSIVE;
				GCC_WARN_UNUSED_FUNCTION = YES;
				GCC_WARN_UNUSED_VARIABLE = YES;
				IPHONEOS_DEPLOYMENT_TARGET = 17.0;
				LOCALIZATION_PREFERS_STRING_CATALOGS = YES;
				MTL_ENABLE_DEBUG_INFO = INCLUDE_SOURCE;
				MTL_FAST_MATH = YES;
				ONLY_ACTIVE_ARCH = YES;
				SDKROOT = iphoneos;
				SWIFT_ACTIVE_COMPILATION_CONDITIONS = "DEBUG $(inherited)";
				SWIFT_OPTIMIZATION_LEVEL = "-Onone";
			};
			name = Debug;
		};
		541C34152B0B5AE0004BA757 /* Release */ = {
			isa = XCBuildConfiguration;
			buildSettings = {
				ALWAYS_SEARCH_USER_PATHS = NO;
				ASSETCATALOG_COMPILER_GENERATE_SWIFT_ASSET_SYMBOL_EXTENSIONS = YES;
				CLANG_ANALYZER_NONNULL = YES;
				CLANG_ANALYZER_NUMBER_OBJECT_CONVERSION = YES_AGGRESSIVE;
				CLANG_CXX_LANGUAGE_STANDARD = "gnu++20";
				CLANG_ENABLE_MODULES = YES;
				CLANG_ENABLE_OBJC_ARC = YES;
				CLANG_ENABLE_OBJC_WEAK = YES;
				CLANG_WARN_BLOCK_CAPTURE_AUTORELEASING = YES;
				CLANG_WARN_BOOL_CONVERSION = YES;
				CLANG_WARN_COMMA = YES;
				CLANG_WARN_CONSTANT_CONVERSION = YES;
				CLANG_WARN_DEPRECATED_OBJC_IMPLEMENTATIONS = YES;
				CLANG_WARN_DIRECT_OBJC_ISA_USAGE = YES_ERROR;
				CLANG_WARN_DOCUMENTATION_COMMENTS = YES;
				CLANG_WARN_EMPTY_BODY = YES;
				CLANG_WARN_ENUM_CONVERSION = YES;
				CLANG_WARN_INFINITE_RECURSION = YES;
				CLANG_WARN_INT_CONVERSION = YES;
				CLANG_WARN_NON_LITERAL_NULL_CONVERSION = YES;
				CLANG_WARN_OBJC_IMPLICIT_RETAIN_SELF = YES;
				CLANG_WARN_OBJC_LITERAL_CONVERSION = YES;
				CLANG_WARN_OBJC_ROOT_CLASS = YES_ERROR;
				CLANG_WARN_QUOTED_INCLUDE_IN_FRAMEWORK_HEADER = YES;
				CLANG_WARN_RANGE_LOOP_ANALYSIS = YES;
				CLANG_WARN_STRICT_PROTOTYPES = YES;
				CLANG_WARN_SUSPICIOUS_MOVE = YES;
				CLANG_WARN_UNGUARDED_AVAILABILITY = YES_AGGRESSIVE;
				CLANG_WARN_UNREACHABLE_CODE = YES;
				CLANG_WARN__DUPLICATE_METHOD_MATCH = YES;
				COPY_PHASE_STRIP = NO;
				DEBUG_INFORMATION_FORMAT = "dwarf-with-dsym";
				ENABLE_NS_ASSERTIONS = NO;
				ENABLE_STRICT_OBJC_MSGSEND = YES;
				ENABLE_USER_SCRIPT_SANDBOXING = YES;
				GCC_C_LANGUAGE_STANDARD = gnu17;
				GCC_NO_COMMON_BLOCKS = YES;
				GCC_WARN_64_TO_32_BIT_CONVERSION = YES;
				GCC_WARN_ABOUT_RETURN_TYPE = YES_ERROR;
				GCC_WARN_UNDECLARED_SELECTOR = YES;
				GCC_WARN_UNINITIALIZED_AUTOS = YES_AGGRESSIVE;
				GCC_WARN_UNUSED_FUNCTION = YES;
				GCC_WARN_UNUSED_VARIABLE = YES;
				IPHONEOS_DEPLOYMENT_TARGET = 17.0;
				LOCALIZATION_PREFERS_STRING_CATALOGS = YES;
				MTL_ENABLE_DEBUG_INFO = NO;
				MTL_FAST_MATH = YES;
				SDKROOT = iphoneos;
				SWIFT_COMPILATION_MODE = wholemodule;
				VALIDATE_PRODUCT = YES;
			};
			name = Release;
		};
		541C34172B0B5AE0004BA757 /* Debug */ = {
			isa = XCBuildConfiguration;
			buildSettings = {
				ASSETCATALOG_COMPILER_APPICON_NAME = AppIcon;
				ASSETCATALOG_COMPILER_GLOBAL_ACCENT_COLOR_NAME = AccentColor;
				CODE_SIGN_STYLE = Automatic;
				CURRENT_PROJECT_VERSION = 1;
				DEVELOPMENT_TEAM = Q9L33XG589;
				GENERATE_INFOPLIST_FILE = YES;
				INFOPLIST_FILE = MVVMdesign/Info.plist;
				INFOPLIST_KEY_UIApplicationSupportsIndirectInputEvents = YES;
				INFOPLIST_KEY_UILaunchStoryboardName = LaunchScreen;
				INFOPLIST_KEY_UIMainStoryboardFile = Main;
				INFOPLIST_KEY_UISupportedInterfaceOrientations_iPad = "UIInterfaceOrientationPortrait UIInterfaceOrientationPortraitUpsideDown UIInterfaceOrientationLandscapeLeft UIInterfaceOrientationLandscapeRight";
				INFOPLIST_KEY_UISupportedInterfaceOrientations_iPhone = "UIInterfaceOrientationPortrait UIInterfaceOrientationLandscapeLeft UIInterfaceOrientationLandscapeRight";
				LD_RUNPATH_SEARCH_PATHS = (
					"$(inherited)",
					"@executable_path/Frameworks",
				);
				MARKETING_VERSION = 1.0;
				PRODUCT_BUNDLE_IDENTIFIER = Devios2k.MVVMdesign;
				PRODUCT_NAME = "$(TARGET_NAME)";
				SWIFT_EMIT_LOC_STRINGS = YES;
				SWIFT_VERSION = 5.0;
				TARGETED_DEVICE_FAMILY = "1,2";
			};
			name = Debug;
		};
		541C34182B0B5AE0004BA757 /* Release */ = {
			isa = XCBuildConfiguration;
			buildSettings = {
				ASSETCATALOG_COMPILER_APPICON_NAME = AppIcon;
				ASSETCATALOG_COMPILER_GLOBAL_ACCENT_COLOR_NAME = AccentColor;
				CODE_SIGN_STYLE = Automatic;
				CURRENT_PROJECT_VERSION = 1;
				DEVELOPMENT_TEAM = Q9L33XG589;
				GENERATE_INFOPLIST_FILE = YES;
				INFOPLIST_FILE = MVVMdesign/Info.plist;
				INFOPLIST_KEY_UIApplicationSupportsIndirectInputEvents = YES;
				INFOPLIST_KEY_UILaunchStoryboardName = LaunchScreen;
				INFOPLIST_KEY_UIMainStoryboardFile = Main;
				INFOPLIST_KEY_UISupportedInterfaceOrientations_iPad = "UIInterfaceOrientationPortrait UIInterfaceOrientationPortraitUpsideDown UIInterfaceOrientationLandscapeLeft UIInterfaceOrientationLandscapeRight";
				INFOPLIST_KEY_UISupportedInterfaceOrientations_iPhone = "UIInterfaceOrientationPortrait UIInterfaceOrientationLandscapeLeft UIInterfaceOrientationLandscapeRight";
				LD_RUNPATH_SEARCH_PATHS = (
					"$(inherited)",
					"@executable_path/Frameworks",
				);
				MARKETING_VERSION = 1.0;
				PRODUCT_BUNDLE_IDENTIFIER = Devios2k.MVVMdesign;
				PRODUCT_NAME = "$(TARGET_NAME)";
				SWIFT_EMIT_LOC_STRINGS = YES;
				SWIFT_VERSION = 5.0;
				TARGETED_DEVICE_FAMILY = "1,2";
			};
			name = Release;
		};
/* End XCBuildConfiguration section */

/* Begin XCConfigurationList section */
		541C33FA2B0B5ADD004BA757 /* Build configuration list for PBXProject "MVVMdesign" */ = {
			isa = XCConfigurationList;
			buildConfigurations = (
				541C34142B0B5AE0004BA757 /* Debug */,
				541C34152B0B5AE0004BA757 /* Release */,
			);
			defaultConfigurationIsVisible = 0;
			defaultConfigurationName = Release;
		};
		541C34162B0B5AE0004BA757 /* Build configuration list for PBXNativeTarget "MVVMdesign" */ = {
			isa = XCConfigurationList;
			buildConfigurations = (
				541C34172B0B5AE0004BA757 /* Debug */,
				541C34182B0B5AE0004BA757 /* Release */,
			);
			defaultConfigurationIsVisible = 0;
			defaultConfigurationName = Release;
		};
/* End XCConfigurationList section */

/* Begin XCVersionGroup section */
		541C340B2B0B5ADD004BA757 /* MVVMdesign.xcdatamodeld */ = {
			isa = XCVersionGroup;
			children = (
				541C340C2B0B5ADD004BA757 /* MVVMdesign.xcdatamodel */,
			);
			currentVersion = 541C340C2B0B5ADD004BA757 /* MVVMdesign.xcdatamodel */;
			path = MVVMdesign.xcdatamodeld;
			sourceTree = "<group>";
			versionGroupType = wrapper.xcdatamodel;
		};
/* End XCVersionGroup section */
	};
	rootObject = 541C33F72B0B5ADD004BA757 /* Project object */;
}
